
Microsoft Visual Studio Solution File, Format Version 12.00
# Visual Studio Version 17
VisualStudioVersion = 17.0.31903.59
MinimumVisualStudioVersion = 10.0.40219.1
Project("{9A19103F-16F7-4668-BE54-9A1E7A4F7556}") = "ClothesShop.Domain", "ClothesShop.Domain\ClothesShop.Domain.csproj", "{B851532D-8C3D-4F08-880C-DBA262936601}"
EndProject
Project("{9A19103F-16F7-4668-BE54-9A1E7A4F7556}") = "ClothesShop.Application", "ClothesShop.Application\ClothesShop.Application.csproj", "{D65BE589-3CDC-4F97-81F8-A5D03327ED34}"
EndProject
Project("{9A19103F-16F7-4668-BE54-9A1E7A4F7556}") = "ClothesShop.Infrastructure", "ClothesShop.Infrastructure\ClothesShop.Infrastructure.csproj", "{5E3349BB-5370-4C58-A0EE-585EBC060350}"
EndProject
Project("{9A19103F-16F7-4668-BE54-9A1E7A4F7556}") = "ClothesShop.API", "ClothesShop.API\ClothesShop.API.csproj", "{3FBE9694-6705-4098-A1D3-E0BD0C2A83B1}"
EndProject
Global
	GlobalSection(SolutionConfigurationPlatforms) = preSolution
		Debug|Any CPU = Debug|Any CPU
		Release|Any CPU = Release|Any CPU
	EndGlobalSection
	GlobalSection(ProjectConfigurationPlatforms) = postSolution
		{B851532D-8C3D-4F08-880C-DBA262936601}.Debug|Any CPU.ActiveCfg = Debug|Any CPU
		{B851532D-8C3D-4F08-880C-DBA262936601}.Debug|Any CPU.Build.0 = Debug|Any CPU
		{B851532D-8C3D-4F08-880C-DBA262936601}.Release|Any CPU.ActiveCfg = Release|Any CPU
		{B851532D-8C3D-4F08-880C-DBA262936601}.Release|Any CPU.Build.0 = Release|Any CPU
		{D65BE589-3CDC-4F97-81F8-A5D03327ED34}.Debug|Any CPU.ActiveCfg = Debug|Any CPU
		{D65BE589-3CDC-4F97-81F8-A5D03327ED34}.Debug|Any CPU.Build.0 = Debug|Any CPU
		{D65BE589-3CDC-4F97-81F8-A5D03327ED34}.Release|Any CPU.ActiveCfg = Release|Any CPU
		{D65BE589-3CDC-4F97-81F8-A5D03327ED34}.Release|Any CPU.Build.0 = Release|Any CPU
		{5E3349BB-5370-4C58-A0EE-585EBC060350}.Debug|Any CPU.ActiveCfg = Debug|Any CPU
		{5E3349BB-5370-4C58-A0EE-585EBC060350}.Debug|Any CPU.Build.0 = Debug|Any CPU
		{5E3349BB-5370-4C58-A0EE-585EBC060350}.Release|Any CPU.ActiveCfg = Release|Any CPU
		{5E3349BB-5370-4C58-A0EE-585EBC060350}.Release|Any CPU.Build.0 = Release|Any CPU
		{3FBE9694-6705-4098-A1D3-E0BD0C2A83B1}.Debug|Any CPU.ActiveCfg = Debug|Any CPU
		{3FBE9694-6705-4098-A1D3-E0BD0C2A83B1}.Debug|Any CPU.Build.0 = Debug|Any CPU
		{3FBE9694-6705-4098-A1D3-E0BD0C2A83B1}.Release|Any CPU.ActiveCfg = Release|Any CPU
		{3FBE9694-6705-4098-A1D3-E0BD0C2A83B1}.Release|Any CPU.Build.0 = Release|Any CPU
	EndGlobalSection
	GlobalSection(SolutionProperties) = preSolution
		HideSolutionNode = FALSE
	EndGlobalSection
	GlobalSection(ExtensibilityGlobals) = postSolution
		SolutionGuid = {614A5DD6-BFA9-450F-80CA-18652D805C8A}
	EndGlobalSection
EndGlobal
